
Microsoft Visual Studio Solution File, Format Version 12.00
# Visual Studio Version 16
VisualStudioVersion = 16.0.30611.23
MinimumVisualStudioVersion = 10.0.40219.1
Project("{159641D6-6404-4A2A-AE62-294DE0FE8301}") = "SSIS DMNorthwind", "SSIS DMNorthwind\SSIS DMNorthwind.dtproj", "{91BE31C7-F8B2-4AFD-9D70-4D24CCD31A84}"
EndProject
Global
	GlobalSection(SolutionConfigurationPlatforms) = preSolution
		Development|Default = Development|Default
	EndGlobalSection
	GlobalSection(ProjectConfigurationPlatforms) = postSolution
		{91BE31C7-F8B2-4AFD-9D70-4D24CCD31A84}.Development|Default.ActiveCfg = Development
		{91BE31C7-F8B2-4AFD-9D70-4D24CCD31A84}.Development|Default.Build.0 = Development
	EndGlobalSection
	GlobalSection(SolutionProperties) = preSolution
		HideSolutionNode = FALSE
	EndGlobalSection
	GlobalSection(ExtensibilityGlobals) = postSolution
		SolutionGuid = {A27D4CD7-7DEB-43BC-868C-E627E8965C17}
	EndGlobalSection
EndGlobal
